
Microsoft Visual Studio Solution File, Format Version 12.00
# Visual Studio 2013
VisualStudioVersion = 12.0.30501.0
MinimumVisualStudioVersion = 10.0.40219.1
Project("{FAE04EC0-301F-11D3-BF4B-00C04F79EFBC}") = "log4netTest", "ConsoleApplication1\log4netTest.csproj", "{713844CE-4488-4DD9-BC23-358BF0788851}"
EndProject
Global
	GlobalSection(SolutionConfigurationPlatforms) = preSolution
		Debug|Any CPU = Debug|Any CPU
		Release|Any CPU = Release|Any CPU
	EndGlobalSection
	GlobalSection(ProjectConfigurationPlatforms) = postSolution
		{713844CE-4488-4DD9-BC23-358BF0788851}.Debug|Any CPU.ActiveCfg = Debug|Any CPU
		{713844CE-4488-4DD9-BC23-358BF0788851}.Debug|Any CPU.Build.0 = Debug|Any CPU
		{713844CE-4488-4DD9-BC23-358BF0788851}.Release|Any CPU.ActiveCfg = Release|Any CPU
		{713844CE-4488-4DD9-BC23-358BF0788851}.Release|Any CPU.Build.0 = Release|Any CPU
	EndGlobalSection
	GlobalSection(SolutionProperties) = preSolution
		HideSolutionNode = FALSE
	EndGlobalSection
EndGlobal
